
Microsoft Visual Studio Solution File, Format Version 12.00
# Visual Studio Version 17
VisualStudioVersion = 17.13.35931.197
MinimumVisualStudioVersion = 10.0.40219.1
Project("{8BC9CEB8-8B4A-11D0-8D11-00A0C91BC942}") = "core", "projects\core\core.vcxproj", "{B1930611-CFDA-4EB5-BA2C-C79146AF6AC3}"
EndProject
Project("{8BC9CEB8-8B4A-11D0-8D11-00A0C91BC942}") = "editor", "projects\editor\editor.vcxproj", "{D3D82815-70D2-4ED3-B189-DABBF5CFC2EE}"
EndProject
Project("{8BC9CEB8-8B4A-11D0-8D11-00A0C91BC942}") = "engine", "projects\engine\engine.vcxproj", "{2AF45FB0-D970-43AB-B47F-957862819D54}"
EndProject
Project("{8BC9CEB8-8B4A-11D0-8D11-00A0C91BC942}") = "game", "projects\game\game.vcxproj", "{505E1011-9037-45B8-9F27-47139F71AC93}"
EndProject
Project("{8BC9CEB8-8B4A-11D0-8D11-00A0C91BC942}") = "graphics", "projects\graphics\graphics.vcxproj", "{C57D8601-512A-4266-B799-2F5584AC5527}"
EndProject
Global
	GlobalSection(SolutionConfigurationPlatforms) = preSolution
		Debug|x64 = Debug|x64
		Release|x64 = Release|x64
	EndGlobalSection
	GlobalSection(ProjectConfigurationPlatforms) = postSolution
		{B1930611-CFDA-4EB5-BA2C-C79146AF6AC3}.Debug|x64.ActiveCfg = Debug|x64
		{B1930611-CFDA-4EB5-BA2C-C79146AF6AC3}.Debug|x64.Build.0 = Debug|x64
		{B1930611-CFDA-4EB5-BA2C-C79146AF6AC3}.Release|x64.ActiveCfg = Release|x64
		{B1930611-CFDA-4EB5-BA2C-C79146AF6AC3}.Release|x64.Build.0 = Release|x64
		{D3D82815-70D2-4ED3-B189-DABBF5CFC2EE}.Debug|x64.ActiveCfg = Debug|x64
		{D3D82815-70D2-4ED3-B189-DABBF5CFC2EE}.Debug|x64.Build.0 = Debug|x64
		{D3D82815-70D2-4ED3-B189-DABBF5CFC2EE}.Release|x64.ActiveCfg = Release|x64
		{D3D82815-70D2-4ED3-B189-DABBF5CFC2EE}.Release|x64.Build.0 = Release|x64
		{2AF45FB0-D970-43AB-B47F-957862819D54}.Debug|x64.ActiveCfg = Debug|x64
		{2AF45FB0-D970-43AB-B47F-957862819D54}.Debug|x64.Build.0 = Debug|x64
		{2AF45FB0-D970-43AB-B47F-957862819D54}.Release|x64.ActiveCfg = Release|x64
		{2AF45FB0-D970-43AB-B47F-957862819D54}.Release|x64.Build.0 = Release|x64
		{505E1011-9037-45B8-9F27-47139F71AC93}.Debug|x64.ActiveCfg = Debug|x64
		{505E1011-9037-45B8-9F27-47139F71AC93}.Debug|x64.Build.0 = Debug|x64
		{505E1011-9037-45B8-9F27-47139F71AC93}.Release|x64.ActiveCfg = Release|x64
		{505E1011-9037-45B8-9F27-47139F71AC93}.Release|x64.Build.0 = Release|x64
		{C57D8601-512A-4266-B799-2F5584AC5527}.Debug|x64.ActiveCfg = Debug|x64
		{C57D8601-512A-4266-B799-2F5584AC5527}.Debug|x64.Build.0 = Debug|x64
		{C57D8601-512A-4266-B799-2F5584AC5527}.Release|x64.ActiveCfg = Release|x64
		{C57D8601-512A-4266-B799-2F5584AC5527}.Release|x64.Build.0 = Release|x64
	EndGlobalSection
	GlobalSection(SolutionProperties) = preSolution
		HideSolutionNode = FALSE
	EndGlobalSection
	GlobalSection(ExtensibilityGlobals) = postSolution
		SolutionGuid = {93B08E25-9DB0-440F-92AC-9F78DAD3FB6E}
	EndGlobalSection
EndGlobal
